
Microsoft Visual Studio Solution File, Format Version 12.00
# Visual Studio Version 16
VisualStudioVersion = 16.0.30002.166
MinimumVisualStudioVersion = 10.0.40219.1
Project("{FAE04EC0-301F-11D3-BF4B-00C04F79EFBC}") = "TestChatApplication", "TestChatApplication\TestChatApplication.csproj", "{F27CFB2F-8FA9-4C12-970F-C280F92E5150}"
EndProject
Project("{FAE04EC0-301F-11D3-BF4B-00C04F79EFBC}") = "Client", "Client\Client.csproj", "{3D7F5CE9-B12F-4719-B970-EEFF30D6AFE0}"
EndProject
Global
	GlobalSection(SolutionConfigurationPlatforms) = preSolution
		Debug|Any CPU = Debug|Any CPU
		Release|Any CPU = Release|Any CPU
	EndGlobalSection
	GlobalSection(ProjectConfigurationPlatforms) = postSolution
		{F27CFB2F-8FA9-4C12-970F-C280F92E5150}.Debug|Any CPU.ActiveCfg = Debug|Any CPU
		{F27CFB2F-8FA9-4C12-970F-C280F92E5150}.Debug|Any CPU.Build.0 = Debug|Any CPU
		{F27CFB2F-8FA9-4C12-970F-C280F92E5150}.Release|Any CPU.ActiveCfg = Release|Any CPU
		{F27CFB2F-8FA9-4C12-970F-C280F92E5150}.Release|Any CPU.Build.0 = Release|Any CPU
		{3D7F5CE9-B12F-4719-B970-EEFF30D6AFE0}.Debug|Any CPU.ActiveCfg = Debug|Any CPU
		{3D7F5CE9-B12F-4719-B970-EEFF30D6AFE0}.Debug|Any CPU.Build.0 = Debug|Any CPU
		{3D7F5CE9-B12F-4719-B970-EEFF30D6AFE0}.Release|Any CPU.ActiveCfg = Release|Any CPU
		{3D7F5CE9-B12F-4719-B970-EEFF30D6AFE0}.Release|Any CPU.Build.0 = Release|Any CPU
	EndGlobalSection
	GlobalSection(SolutionProperties) = preSolution
		HideSolutionNode = FALSE
	EndGlobalSection
	GlobalSection(ExtensibilityGlobals) = postSolution
		SolutionGuid = {6D9CF749-4610-44C3-A571-C3670D45CCC1}
	EndGlobalSection
EndGlobal
